
Microsoft Visual Studio Solution File, Format Version 12.00
# Visual Studio Version 17
VisualStudioVersion = 17.7.34202.233
MinimumVisualStudioVersion = 10.0.40219.1
Project("{8BC9CEB8-8B4A-11D0-8D11-00A0C91BC942}") = "HelloWorld", "HelloWorld\HelloWorld.vcxproj", "{555C5F37-D302-474E-906F-B1F9ABEA3BB4}"
EndProject
Project("{8BC9CEB8-8B4A-11D0-8D11-00A0C91BC942}") = "Tata", "Tata\Tata.vcxproj", "{43352BA5-E3DC-44B8-BD1D-0F2D4D5C417A}"
EndProject
Project("{8BC9CEB8-8B4A-11D0-8D11-00A0C91BC942}") = "obdelnik", "obdelnik\obdelnik.vcxproj", "{99FC00B9-8974-41DD-A2A5-68C8A09DE640}"
EndProject
Project("{8BC9CEB8-8B4A-11D0-8D11-00A0C91BC942}") = "osmisten", "osmisten\osmisten.vcxproj", "{D286BB1E-04E3-4EFB-8C90-335DBA70C673}"
EndProject
Project("{8BC9CEB8-8B4A-11D0-8D11-00A0C91BC942}") = "jmeno", "jmeno\jmeno.vcxproj", "{33CE7A72-1912-4215-BC3B-0456530445DB}"
EndProject
Project("{8BC9CEB8-8B4A-11D0-8D11-00A0C91BC942}") = "IfStatements", "IfStatements\IfStatements.vcxproj", "{F4CB5F82-8522-4DA0-BA77-ADA6D6BB1ED9}"
EndProject
Project("{8BC9CEB8-8B4A-11D0-8D11-00A0C91BC942}") = "IfStatementsScan", "IfStatementsScan\IfStatementsScan.vcxproj", "{51880CCA-E3AB-4287-BFE1-57FD3C9DE39F}"
EndProject
Project("{8BC9CEB8-8B4A-11D0-8D11-00A0C91BC942}") = "guessing_game", "guessing_game\guessing_game.vcxproj", "{34D61E47-2C72-4AF9-B2DA-4E850A6A651D}"
EndProject
Project("{8BC9CEB8-8B4A-11D0-8D11-00A0C91BC942}") = "arrays", "arrays\arrays.vcxproj", "{2822822B-A049-4C51-9B04-EB0FA4BCCC7F}"
EndProject
Project("{8BC9CEB8-8B4A-11D0-8D11-00A0C91BC942}") = "cas", "ifpractise\ifpractise.vcxproj", "{4EF918AE-765D-4BDC-9DDA-F62AEF199C72}"
EndProject
Project("{8BC9CEB8-8B4A-11D0-8D11-00A0C91BC942}") = "kviz", "kviz\kviz.vcxproj", "{B4E34313-6D77-4C5F-9FD8-545CF97A6CE4}"
EndProject
Project("{8BC9CEB8-8B4A-11D0-8D11-00A0C91BC942}") = "simplecalc", "simplecalc\simplecalc.vcxproj", "{ADF6367E-ED7C-4D96-A946-712630049065}"
EndProject
Project("{8BC9CEB8-8B4A-11D0-8D11-00A0C91BC942}") = "sprite_sheet", "sprite_sheet\sprite_sheet.vcxproj", "{3CF63D2B-D6D6-491D-9F5C-5B0A8B74BDEF}"
EndProject
Project("{8BC9CEB8-8B4A-11D0-8D11-00A0C91BC942}") = "array sort", "array sort\array sort.vcxproj", "{5DCF2F89-A6BC-494E-B25E-B47C37F5CD2F}"
EndProject
Project("{8BC9CEB8-8B4A-11D0-8D11-00A0C91BC942}") = "hra", "hra\hra.vcxproj", "{47F76BA8-382E-47ED-87FD-10B7BFE9B147}"
EndProject
Project("{8BC9CEB8-8B4A-11D0-8D11-00A0C91BC942}") = "konzolovyhadchatgpt", "konzolovyhadchatgpt\konzolovyhadchatgpt.vcxproj", "{2B5216DE-E834-41F5-A543-A26095E9DFD5}"
EndProject
Project("{8BC9CEB8-8B4A-11D0-8D11-00A0C91BC942}") = "tata_prvocisla", "tata_prvocisla\tata_prvocisla.vcxproj", "{A8B5FAAA-52C1-4E4A-A2F6-3084B3AE7349}"
EndProject
Project("{8BC9CEB8-8B4A-11D0-8D11-00A0C91BC942}") = "TicTacToe", "TicTacToe\TicTacToe.vcxproj", "{3DCBBA92-17AC-4E68-B91A-3AA0D92E80FE}"
EndProject
Project("{8BC9CEB8-8B4A-11D0-8D11-00A0C91BC942}") = "TicTacToeSkola", "TicTacToeSkola\TicTacToeSkola.vcxproj", "{0CC4DF7E-3577-48CE-AC25-F0A67850A804}"
EndProject
Project("{8BC9CEB8-8B4A-11D0-8D11-00A0C91BC942}") = "PalindromFunkce", "PalindromFunkce\PalindromFunkce.vcxproj", "{BBD72482-B0B5-4C38-94FB-4AB14F21B91C}"
EndProject
Project("{8BC9CEB8-8B4A-11D0-8D11-00A0C91BC942}") = "snake2", "snake2\snake2.vcxproj", "{0E5B52BF-4997-4988-9FE0-D2BDA21CD538}"
EndProject
Project("{8BC9CEB8-8B4A-11D0-8D11-00A0C91BC942}") = "AsciiHad", "AsciiHad\AsciiHad.vcxproj", "{F52E3CFA-78DF-47A8-A3D2-164940992892}"
EndProject
Project("{8BC9CEB8-8B4A-11D0-8D11-00A0C91BC942}") = "raylibPokus", "raylibPokus\raylibPokus.vcxproj", "{09002AC5-3100-4A39-982C-8DE13DD772D0}"
EndProject
Project("{8BC9CEB8-8B4A-11D0-8D11-00A0C91BC942}") = "HadaniMin", "HadaniMin\HadaniMin.vcxproj", "{3D3102DB-F1C8-494F-A6F7-90D65D101953}"
EndProject
Project("{8BC9CEB8-8B4A-11D0-8D11-00A0C91BC942}") = "2dTicTacToe", "2dTicTacToe\2dTicTacToe.vcxproj", "{33C17CF0-ECED-4131-BA8B-0011D97F4D3B}"
EndProject
Project("{8BC9CEB8-8B4A-11D0-8D11-00A0C91BC942}") = "2DGAME", "2DGAME\2DGAME.vcxproj", "{6FEEAAFC-239A-4521-B24C-EDF8432EA4A0}"
EndProject
Project("{8BC9CEB8-8B4A-11D0-8D11-00A0C91BC942}") = "MenuRaylib", "MenuRaylib\MenuRaylib.vcxproj", "{931CED5D-384A-4BB4-A314-3C9427FB1418}"
EndProject
Global
	GlobalSection(SolutionConfigurationPlatforms) = preSolution
		Debug|x64 = Debug|x64
		Debug|x86 = Debug|x86
		Release|x64 = Release|x64
		Release|x86 = Release|x86
	EndGlobalSection
	GlobalSection(ProjectConfigurationPlatforms) = postSolution
		{555C5F37-D302-474E-906F-B1F9ABEA3BB4}.Debug|x64.ActiveCfg = Debug|x64
		{555C5F37-D302-474E-906F-B1F9ABEA3BB4}.Debug|x64.Build.0 = Debug|x64
		{555C5F37-D302-474E-906F-B1F9ABEA3BB4}.Debug|x86.ActiveCfg = Debug|Win32
		{555C5F37-D302-474E-906F-B1F9ABEA3BB4}.Debug|x86.Build.0 = Debug|Win32
		{555C5F37-D302-474E-906F-B1F9ABEA3BB4}.Release|x64.ActiveCfg = Release|x64
		{555C5F37-D302-474E-906F-B1F9ABEA3BB4}.Release|x64.Build.0 = Release|x64
		{555C5F37-D302-474E-906F-B1F9ABEA3BB4}.Release|x86.ActiveCfg = Release|Win32
		{555C5F37-D302-474E-906F-B1F9ABEA3BB4}.Release|x86.Build.0 = Release|Win32
		{43352BA5-E3DC-44B8-BD1D-0F2D4D5C417A}.Debug|x64.ActiveCfg = Debug|x64
		{43352BA5-E3DC-44B8-BD1D-0F2D4D5C417A}.Debug|x64.Build.0 = Debug|x64
		{43352BA5-E3DC-44B8-BD1D-0F2D4D5C417A}.Debug|x86.ActiveCfg = Debug|Win32
		{43352BA5-E3DC-44B8-BD1D-0F2D4D5C417A}.Debug|x86.Build.0 = Debug|Win32
		{43352BA5-E3DC-44B8-BD1D-0F2D4D5C417A}.Release|x64.ActiveCfg = Release|x64
		{43352BA5-E3DC-44B8-BD1D-0F2D4D5C417A}.Release|x64.Build.0 = Release|x64
		{43352BA5-E3DC-44B8-BD1D-0F2D4D5C417A}.Release|x86.ActiveCfg = Release|Win32
		{43352BA5-E3DC-44B8-BD1D-0F2D4D5C417A}.Release|x86.Build.0 = Release|Win32
		{99FC00B9-8974-41DD-A2A5-68C8A09DE640}.Debug|x64.ActiveCfg = Debug|x64
		{99FC00B9-8974-41DD-A2A5-68C8A09DE640}.Debug|x64.Build.0 = Debug|x64
		{99FC00B9-8974-41DD-A2A5-68C8A09DE640}.Debug|x86.ActiveCfg = Debug|Win32
		{99FC00B9-8974-41DD-A2A5-68C8A09DE640}.Debug|x86.Build.0 = Debug|Win32
		{99FC00B9-8974-41DD-A2A5-68C8A09DE640}.Release|x64.ActiveCfg = Release|x64
		{99FC00B9-8974-41DD-A2A5-68C8A09DE640}.Release|x64.Build.0 = Release|x64
		{99FC00B9-8974-41DD-A2A5-68C8A09DE640}.Release|x86.ActiveCfg = Release|Win32
		{99FC00B9-8974-41DD-A2A5-68C8A09DE640}.Release|x86.Build.0 = Release|Win32
		{D286BB1E-04E3-4EFB-8C90-335DBA70C673}.Debug|x64.ActiveCfg = Debug|x64
		{D286BB1E-04E3-4EFB-8C90-335DBA70C673}.Debug|x64.Build.0 = Debug|x64
		{D286BB1E-04E3-4EFB-8C90-335DBA70C673}.Debug|x86.ActiveCfg = Debug|Win32
		{D286BB1E-04E3-4EFB-8C90-335DBA70C673}.Debug|x86.Build.0 = Debug|Win32
		{D286BB1E-04E3-4EFB-8C90-335DBA70C673}.Release|x64.ActiveCfg = Release|x64
		{D286BB1E-04E3-4EFB-8C90-335DBA70C673}.Release|x64.Build.0 = Release|x64
		{D286BB1E-04E3-4EFB-8C90-335DBA70C673}.Release|x86.ActiveCfg = Release|Win32
		{D286BB1E-04E3-4EFB-8C90-335DBA70C673}.Release|x86.Build.0 = Release|Win32
		{33CE7A72-1912-4215-BC3B-0456530445DB}.Debug|x64.ActiveCfg = Debug|x64
		{33CE7A72-1912-4215-BC3B-0456530445DB}.Debug|x64.Build.0 = Debug|x64
		{33CE7A72-1912-4215-BC3B-0456530445DB}.Debug|x86.ActiveCfg = Debug|Win32
		{33CE7A72-1912-4215-BC3B-0456530445DB}.Debug|x86.Build.0 = Debug|Win32
		{33CE7A72-1912-4215-BC3B-0456530445DB}.Release|x64.ActiveCfg = Release|x64
		{33CE7A72-1912-4215-BC3B-0456530445DB}.Release|x64.Build.0 = Release|x64
		{33CE7A72-1912-4215-BC3B-0456530445DB}.Release|x86.ActiveCfg = Release|Win32
		{33CE7A72-1912-4215-BC3B-0456530445DB}.Release|x86.Build.0 = Release|Win32
		{F4CB5F82-8522-4DA0-BA77-ADA6D6BB1ED9}.Debug|x64.ActiveCfg = Debug|x64
		{F4CB5F82-8522-4DA0-BA77-ADA6D6BB1ED9}.Debug|x64.Build.0 = Debug|x64
		{F4CB5F82-8522-4DA0-BA77-ADA6D6BB1ED9}.Debug|x86.ActiveCfg = Debug|Win32
		{F4CB5F82-8522-4DA0-BA77-ADA6D6BB1ED9}.Debug|x86.Build.0 = Debug|Win32
		{F4CB5F82-8522-4DA0-BA77-ADA6D6BB1ED9}.Release|x64.ActiveCfg = Release|x64
		{F4CB5F82-8522-4DA0-BA77-ADA6D6BB1ED9}.Release|x64.Build.0 = Release|x64
		{F4CB5F82-8522-4DA0-BA77-ADA6D6BB1ED9}.Release|x86.ActiveCfg = Release|Win32
		{F4CB5F82-8522-4DA0-BA77-ADA6D6BB1ED9}.Release|x86.Build.0 = Release|Win32
		{51880CCA-E3AB-4287-BFE1-57FD3C9DE39F}.Debug|x64.ActiveCfg = Debug|x64
		{51880CCA-E3AB-4287-BFE1-57FD3C9DE39F}.Debug|x64.Build.0 = Debug|x64
		{51880CCA-E3AB-4287-BFE1-57FD3C9DE39F}.Debug|x86.ActiveCfg = Debug|Win32
		{51880CCA-E3AB-4287-BFE1-57FD3C9DE39F}.Debug|x86.Build.0 = Debug|Win32
		{51880CCA-E3AB-4287-BFE1-57FD3C9DE39F}.Release|x64.ActiveCfg = Release|x64
		{51880CCA-E3AB-4287-BFE1-57FD3C9DE39F}.Release|x64.Build.0 = Release|x64
		{51880CCA-E3AB-4287-BFE1-57FD3C9DE39F}.Release|x86.ActiveCfg = Release|Win32
		{51880CCA-E3AB-4287-BFE1-57FD3C9DE39F}.Release|x86.Build.0 = Release|Win32
		{34D61E47-2C72-4AF9-B2DA-4E850A6A651D}.Debug|x64.ActiveCfg = Debug|x64
		{34D61E47-2C72-4AF9-B2DA-4E850A6A651D}.Debug|x64.Build.0 = Debug|x64
		{34D61E47-2C72-4AF9-B2DA-4E850A6A651D}.Debug|x86.ActiveCfg = Debug|Win32
		{34D61E47-2C72-4AF9-B2DA-4E850A6A651D}.Debug|x86.Build.0 = Debug|Win32
		{34D61E47-2C72-4AF9-B2DA-4E850A6A651D}.Release|x64.ActiveCfg = Release|x64
		{34D61E47-2C72-4AF9-B2DA-4E850A6A651D}.Release|x64.Build.0 = Release|x64
		{34D61E47-2C72-4AF9-B2DA-4E850A6A651D}.Release|x86.ActiveCfg = Release|Win32
		{34D61E47-2C72-4AF9-B2DA-4E850A6A651D}.Release|x86.Build.0 = Release|Win32
		{2822822B-A049-4C51-9B04-EB0FA4BCCC7F}.Debug|x64.ActiveCfg = Debug|x64
		{2822822B-A049-4C51-9B04-EB0FA4BCCC7F}.Debug|x64.Build.0 = Debug|x64
		{2822822B-A049-4C51-9B04-EB0FA4BCCC7F}.Debug|x86.ActiveCfg = Debug|Win32
		{2822822B-A049-4C51-9B04-EB0FA4BCCC7F}.Debug|x86.Build.0 = Debug|Win32
		{2822822B-A049-4C51-9B04-EB0FA4BCCC7F}.Release|x64.ActiveCfg = Release|x64
		{2822822B-A049-4C51-9B04-EB0FA4BCCC7F}.Release|x64.Build.0 = Release|x64
		{2822822B-A049-4C51-9B04-EB0FA4BCCC7F}.Release|x86.ActiveCfg = Release|Win32
		{2822822B-A049-4C51-9B04-EB0FA4BCCC7F}.Release|x86.Build.0 = Release|Win32
		{4EF918AE-765D-4BDC-9DDA-F62AEF199C72}.Debug|x64.ActiveCfg = Debug|x64
		{4EF918AE-765D-4BDC-9DDA-F62AEF199C72}.Debug|x64.Build.0 = Debug|x64
		{4EF918AE-765D-4BDC-9DDA-F62AEF199C72}.Debug|x86.ActiveCfg = Debug|Win32
		{4EF918AE-765D-4BDC-9DDA-F62AEF199C72}.Debug|x86.Build.0 = Debug|Win32
		{4EF918AE-765D-4BDC-9DDA-F62AEF199C72}.Release|x64.ActiveCfg = Release|x64
		{4EF918AE-765D-4BDC-9DDA-F62AEF199C72}.Release|x64.Build.0 = Release|x64
		{4EF918AE-765D-4BDC-9DDA-F62AEF199C72}.Release|x86.ActiveCfg = Release|Win32
		{4EF918AE-765D-4BDC-9DDA-F62AEF199C72}.Release|x86.Build.0 = Release|Win32
		{B4E34313-6D77-4C5F-9FD8-545CF97A6CE4}.Debug|x64.ActiveCfg = Debug|x64
		{B4E34313-6D77-4C5F-9FD8-545CF97A6CE4}.Debug|x64.Build.0 = Debug|x64
		{B4E34313-6D77-4C5F-9FD8-545CF97A6CE4}.Debug|x86.ActiveCfg = Debug|Win32
		{B4E34313-6D77-4C5F-9FD8-545CF97A6CE4}.Debug|x86.Build.0 = Debug|Win32
		{B4E34313-6D77-4C5F-9FD8-545CF97A6CE4}.Release|x64.ActiveCfg = Release|x64
		{B4E34313-6D77-4C5F-9FD8-545CF97A6CE4}.Release|x64.Build.0 = Release|x64
		{B4E34313-6D77-4C5F-9FD8-545CF97A6CE4}.Release|x86.ActiveCfg = Release|Win32
		{B4E34313-6D77-4C5F-9FD8-545CF97A6CE4}.Release|x86.Build.0 = Release|Win32
		{ADF6367E-ED7C-4D96-A946-712630049065}.Debug|x64.ActiveCfg = Debug|x64
		{ADF6367E-ED7C-4D96-A946-712630049065}.Debug|x64.Build.0 = Debug|x64
		{ADF6367E-ED7C-4D96-A946-712630049065}.Debug|x86.ActiveCfg = Debug|Win32
		{ADF6367E-ED7C-4D96-A946-712630049065}.Debug|x86.Build.0 = Debug|Win32
		{ADF6367E-ED7C-4D96-A946-712630049065}.Release|x64.ActiveCfg = Release|x64
		{ADF6367E-ED7C-4D96-A946-712630049065}.Release|x64.Build.0 = Release|x64
		{ADF6367E-ED7C-4D96-A946-712630049065}.Release|x86.ActiveCfg = Release|Win32
		{ADF6367E-ED7C-4D96-A946-712630049065}.Release|x86.Build.0 = Release|Win32
		{3CF63D2B-D6D6-491D-9F5C-5B0A8B74BDEF}.Debug|x64.ActiveCfg = Debug|x64
		{3CF63D2B-D6D6-491D-9F5C-5B0A8B74BDEF}.Debug|x64.Build.0 = Debug|x64
		{3CF63D2B-D6D6-491D-9F5C-5B0A8B74BDEF}.Debug|x86.ActiveCfg = Debug|Win32
		{3CF63D2B-D6D6-491D-9F5C-5B0A8B74BDEF}.Debug|x86.Build.0 = Debug|Win32
		{3CF63D2B-D6D6-491D-9F5C-5B0A8B74BDEF}.Release|x64.ActiveCfg = Release|x64
		{3CF63D2B-D6D6-491D-9F5C-5B0A8B74BDEF}.Release|x64.Build.0 = Release|x64
		{3CF63D2B-D6D6-491D-9F5C-5B0A8B74BDEF}.Release|x86.ActiveCfg = Release|Win32
		{3CF63D2B-D6D6-491D-9F5C-5B0A8B74BDEF}.Release|x86.Build.0 = Release|Win32
		{5DCF2F89-A6BC-494E-B25E-B47C37F5CD2F}.Debug|x64.ActiveCfg = Debug|x64
		{5DCF2F89-A6BC-494E-B25E-B47C37F5CD2F}.Debug|x64.Build.0 = Debug|x64
		{5DCF2F89-A6BC-494E-B25E-B47C37F5CD2F}.Debug|x86.ActiveCfg = Debug|Win32
		{5DCF2F89-A6BC-494E-B25E-B47C37F5CD2F}.Debug|x86.Build.0 = Debug|Win32
		{5DCF2F89-A6BC-494E-B25E-B47C37F5CD2F}.Release|x64.ActiveCfg = Release|x64
		{5DCF2F89-A6BC-494E-B25E-B47C37F5CD2F}.Release|x64.Build.0 = Release|x64
		{5DCF2F89-A6BC-494E-B25E-B47C37F5CD2F}.Release|x86.ActiveCfg = Release|Win32
		{5DCF2F89-A6BC-494E-B25E-B47C37F5CD2F}.Release|x86.Build.0 = Release|Win32
		{47F76BA8-382E-47ED-87FD-10B7BFE9B147}.Debug|x64.ActiveCfg = Debug|x64
		{47F76BA8-382E-47ED-87FD-10B7BFE9B147}.Debug|x64.Build.0 = Debug|x64
		{47F76BA8-382E-47ED-87FD-10B7BFE9B147}.Debug|x86.ActiveCfg = Debug|Win32
		{47F76BA8-382E-47ED-87FD-10B7BFE9B147}.Debug|x86.Build.0 = Debug|Win32
		{47F76BA8-382E-47ED-87FD-10B7BFE9B147}.Release|x64.ActiveCfg = Release|x64
		{47F76BA8-382E-47ED-87FD-10B7BFE9B147}.Release|x64.Build.0 = Release|x64
		{47F76BA8-382E-47ED-87FD-10B7BFE9B147}.Release|x86.ActiveCfg = Release|Win32
		{47F76BA8-382E-47ED-87FD-10B7BFE9B147}.Release|x86.Build.0 = Release|Win32
		{2B5216DE-E834-41F5-A543-A26095E9DFD5}.Debug|x64.ActiveCfg = Debug|x64
		{2B5216DE-E834-41F5-A543-A26095E9DFD5}.Debug|x64.Build.0 = Debug|x64
		{2B5216DE-E834-41F5-A543-A26095E9DFD5}.Debug|x86.ActiveCfg = Debug|Win32
		{2B5216DE-E834-41F5-A543-A26095E9DFD5}.Debug|x86.Build.0 = Debug|Win32
		{2B5216DE-E834-41F5-A543-A26095E9DFD5}.Release|x64.ActiveCfg = Release|x64
		{2B5216DE-E834-41F5-A543-A26095E9DFD5}.Release|x64.Build.0 = Release|x64
		{2B5216DE-E834-41F5-A543-A26095E9DFD5}.Release|x86.ActiveCfg = Release|Win32
		{2B5216DE-E834-41F5-A543-A26095E9DFD5}.Release|x86.Build.0 = Release|Win32
		{A8B5FAAA-52C1-4E4A-A2F6-3084B3AE7349}.Debug|x64.ActiveCfg = Debug|x64
		{A8B5FAAA-52C1-4E4A-A2F6-3084B3AE7349}.Debug|x64.Build.0 = Debug|x64
		{A8B5FAAA-52C1-4E4A-A2F6-3084B3AE7349}.Debug|x86.ActiveCfg = Debug|Win32
		{A8B5FAAA-52C1-4E4A-A2F6-3084B3AE7349}.Debug|x86.Build.0 = Debug|Win32
		{A8B5FAAA-52C1-4E4A-A2F6-3084B3AE7349}.Release|x64.ActiveCfg = Release|x64
		{A8B5FAAA-52C1-4E4A-A2F6-3084B3AE7349}.Release|x64.Build.0 = Release|x64
		{A8B5FAAA-52C1-4E4A-A2F6-3084B3AE7349}.Release|x86.ActiveCfg = Release|Win32
		{A8B5FAAA-52C1-4E4A-A2F6-3084B3AE7349}.Release|x86.Build.0 = Release|Win32
		{3DCBBA92-17AC-4E68-B91A-3AA0D92E80FE}.Debug|x64.ActiveCfg = Debug|x64
		{3DCBBA92-17AC-4E68-B91A-3AA0D92E80FE}.Debug|x64.Build.0 = Debug|x64
		{3DCBBA92-17AC-4E68-B91A-3AA0D92E80FE}.Debug|x86.ActiveCfg = Debug|Win32
		{3DCBBA92-17AC-4E68-B91A-3AA0D92E80FE}.Debug|x86.Build.0 = Debug|Win32
		{3DCBBA92-17AC-4E68-B91A-3AA0D92E80FE}.Release|x64.ActiveCfg = Release|x64
		{3DCBBA92-17AC-4E68-B91A-3AA0D92E80FE}.Release|x64.Build.0 = Release|x64
		{3DCBBA92-17AC-4E68-B91A-3AA0D92E80FE}.Release|x86.ActiveCfg = Release|Win32
		{3DCBBA92-17AC-4E68-B91A-3AA0D92E80FE}.Release|x86.Build.0 = Release|Win32
		{0CC4DF7E-3577-48CE-AC25-F0A67850A804}.Debug|x64.ActiveCfg = Debug|x64
		{0CC4DF7E-3577-48CE-AC25-F0A67850A804}.Debug|x64.Build.0 = Debug|x64
		{0CC4DF7E-3577-48CE-AC25-F0A67850A804}.Debug|x86.ActiveCfg = Debug|Win32
		{0CC4DF7E-3577-48CE-AC25-F0A67850A804}.Debug|x86.Build.0 = Debug|Win32
		{0CC4DF7E-3577-48CE-AC25-F0A67850A804}.Release|x64.ActiveCfg = Release|x64
		{0CC4DF7E-3577-48CE-AC25-F0A67850A804}.Release|x64.Build.0 = Release|x64
		{0CC4DF7E-3577-48CE-AC25-F0A67850A804}.Release|x86.ActiveCfg = Release|Win32
		{0CC4DF7E-3577-48CE-AC25-F0A67850A804}.Release|x86.Build.0 = Release|Win32
		{BBD72482-B0B5-4C38-94FB-4AB14F21B91C}.Debug|x64.ActiveCfg = Debug|x64
		{BBD72482-B0B5-4C38-94FB-4AB14F21B91C}.Debug|x64.Build.0 = Debug|x64
		{BBD72482-B0B5-4C38-94FB-4AB14F21B91C}.Debug|x86.ActiveCfg = Debug|Win32
		{BBD72482-B0B5-4C38-94FB-4AB14F21B91C}.Debug|x86.Build.0 = Debug|Win32
		{BBD72482-B0B5-4C38-94FB-4AB14F21B91C}.Release|x64.ActiveCfg = Release|x64
		{BBD72482-B0B5-4C38-94FB-4AB14F21B91C}.Release|x64.Build.0 = Release|x64
		{BBD72482-B0B5-4C38-94FB-4AB14F21B91C}.Release|x86.ActiveCfg = Release|Win32
		{BBD72482-B0B5-4C38-94FB-4AB14F21B91C}.Release|x86.Build.0 = Release|Win32
		{0E5B52BF-4997-4988-9FE0-D2BDA21CD538}.Debug|x64.ActiveCfg = Debug|x64
		{0E5B52BF-4997-4988-9FE0-D2BDA21CD538}.Debug|x64.Build.0 = Debug|x64
		{0E5B52BF-4997-4988-9FE0-D2BDA21CD538}.Debug|x86.ActiveCfg = Debug|Win32
		{0E5B52BF-4997-4988-9FE0-D2BDA21CD538}.Debug|x86.Build.0 = Debug|Win32
		{0E5B52BF-4997-4988-9FE0-D2BDA21CD538}.Release|x64.ActiveCfg = Release|x64
		{0E5B52BF-4997-4988-9FE0-D2BDA21CD538}.Release|x64.Build.0 = Release|x64
		{0E5B52BF-4997-4988-9FE0-D2BDA21CD538}.Release|x86.ActiveCfg = Release|Win32
		{0E5B52BF-4997-4988-9FE0-D2BDA21CD538}.Release|x86.Build.0 = Release|Win32
		{F52E3CFA-78DF-47A8-A3D2-164940992892}.Debug|x64.ActiveCfg = Debug|x64
		{F52E3CFA-78DF-47A8-A3D2-164940992892}.Debug|x64.Build.0 = Debug|x64
		{F52E3CFA-78DF-47A8-A3D2-164940992892}.Debug|x86.ActiveCfg = Debug|Win32
		{F52E3CFA-78DF-47A8-A3D2-164940992892}.Debug|x86.Build.0 = Debug|Win32
		{F52E3CFA-78DF-47A8-A3D2-164940992892}.Release|x64.ActiveCfg = Release|x64
		{F52E3CFA-78DF-47A8-A3D2-164940992892}.Release|x64.Build.0 = Release|x64
		{F52E3CFA-78DF-47A8-A3D2-164940992892}.Release|x86.ActiveCfg = Release|Win32
		{F52E3CFA-78DF-47A8-A3D2-164940992892}.Release|x86.Build.0 = Release|Win32
		{09002AC5-3100-4A39-982C-8DE13DD772D0}.Debug|x64.ActiveCfg = Debug|x64
		{09002AC5-3100-4A39-982C-8DE13DD772D0}.Debug|x64.Build.0 = Debug|x64
		{09002AC5-3100-4A39-982C-8DE13DD772D0}.Debug|x86.ActiveCfg = Debug|Win32
		{09002AC5-3100-4A39-982C-8DE13DD772D0}.Debug|x86.Build.0 = Debug|Win32
		{09002AC5-3100-4A39-982C-8DE13DD772D0}.Release|x64.ActiveCfg = Release|x64
		{09002AC5-3100-4A39-982C-8DE13DD772D0}.Release|x64.Build.0 = Release|x64
		{09002AC5-3100-4A39-982C-8DE13DD772D0}.Release|x86.ActiveCfg = Release|Win32
		{09002AC5-3100-4A39-982C-8DE13DD772D0}.Release|x86.Build.0 = Release|Win32
		{3D3102DB-F1C8-494F-A6F7-90D65D101953}.Debug|x64.ActiveCfg = Debug|x64
		{3D3102DB-F1C8-494F-A6F7-90D65D101953}.Debug|x64.Build.0 = Debug|x64
		{3D3102DB-F1C8-494F-A6F7-90D65D101953}.Debug|x86.ActiveCfg = Debug|Win32
		{3D3102DB-F1C8-494F-A6F7-90D65D101953}.Debug|x86.Build.0 = Debug|Win32
		{3D3102DB-F1C8-494F-A6F7-90D65D101953}.Release|x64.ActiveCfg = Release|x64
		{3D3102DB-F1C8-494F-A6F7-90D65D101953}.Release|x64.Build.0 = Release|x64
		{3D3102DB-F1C8-494F-A6F7-90D65D101953}.Release|x86.ActiveCfg = Release|Win32
		{3D3102DB-F1C8-494F-A6F7-90D65D101953}.Release|x86.Build.0 = Release|Win32
		{33C17CF0-ECED-4131-BA8B-0011D97F4D3B}.Debug|x64.ActiveCfg = Debug|x64
		{33C17CF0-ECED-4131-BA8B-0011D97F4D3B}.Debug|x64.Build.0 = Debug|x64
		{33C17CF0-ECED-4131-BA8B-0011D97F4D3B}.Debug|x86.ActiveCfg = Debug|Win32
		{33C17CF0-ECED-4131-BA8B-0011D97F4D3B}.Debug|x86.Build.0 = Debug|Win32
		{33C17CF0-ECED-4131-BA8B-0011D97F4D3B}.Release|x64.ActiveCfg = Release|x64
		{33C17CF0-ECED-4131-BA8B-0011D97F4D3B}.Release|x64.Build.0 = Release|x64
		{33C17CF0-ECED-4131-BA8B-0011D97F4D3B}.Release|x86.ActiveCfg = Release|Win32
		{33C17CF0-ECED-4131-BA8B-0011D97F4D3B}.Release|x86.Build.0 = Release|Win32
		{6FEEAAFC-239A-4521-B24C-EDF8432EA4A0}.Debug|x64.ActiveCfg = Debug|x64
		{6FEEAAFC-239A-4521-B24C-EDF8432EA4A0}.Debug|x64.Build.0 = Debug|x64
		{6FEEAAFC-239A-4521-B24C-EDF8432EA4A0}.Debug|x86.ActiveCfg = Debug|Win32
		{6FEEAAFC-239A-4521-B24C-EDF8432EA4A0}.Debug|x86.Build.0 = Debug|Win32
		{6FEEAAFC-239A-4521-B24C-EDF8432EA4A0}.Release|x64.ActiveCfg = Release|x64
		{6FEEAAFC-239A-4521-B24C-EDF8432EA4A0}.Release|x64.Build.0 = Release|x64
		{6FEEAAFC-239A-4521-B24C-EDF8432EA4A0}.Release|x86.ActiveCfg = Release|Win32
		{6FEEAAFC-239A-4521-B24C-EDF8432EA4A0}.Release|x86.Build.0 = Release|Win32
		{931CED5D-384A-4BB4-A314-3C9427FB1418}.Debug|x64.ActiveCfg = Debug|x64
		{931CED5D-384A-4BB4-A314-3C9427FB1418}.Debug|x64.Build.0 = Debug|x64
		{931CED5D-384A-4BB4-A314-3C9427FB1418}.Debug|x86.ActiveCfg = Debug|Win32
		{931CED5D-384A-4BB4-A314-3C9427FB1418}.Debug|x86.Build.0 = Debug|Win32
		{931CED5D-384A-4BB4-A314-3C9427FB1418}.Release|x64.ActiveCfg = Release|x64
		{931CED5D-384A-4BB4-A314-3C9427FB1418}.Release|x64.Build.0 = Release|x64
		{931CED5D-384A-4BB4-A314-3C9427FB1418}.Release|x86.ActiveCfg = Release|Win32
		{931CED5D-384A-4BB4-A314-3C9427FB1418}.Release|x86.Build.0 = Release|Win32
	EndGlobalSection
	GlobalSection(SolutionProperties) = preSolution
		HideSolutionNode = FALSE
	EndGlobalSection
	GlobalSection(ExtensibilityGlobals) = postSolution
		SolutionGuid = {F0477C49-B4D8-40D1-9DE5-E5921B13BFC4}
	EndGlobalSection
EndGlobal
